
Microsoft Visual Studio Solution File, Format Version 12.00
# Visual Studio 15
VisualStudioVersion = 15.0.28307.757
MinimumVisualStudioVersion = 10.0.40219.1
Project("{FAE04EC0-301F-11D3-BF4B-00C04F79EFBC}") = "DatingApp", "DatingApp\DatingApp.csproj", "{1890BA7B-AF60-4433-8BDC-E3AFFFDE301B}"
EndProject
Project("{FAE04EC0-301F-11D3-BF4B-00C04F79EFBC}") = "BookWorm", "BookWorm\BookWorm.csproj", "{254980EF-8C72-485D-A8F2-3D01A346A298}"
EndProject
Project("{FAE04EC0-301F-11D3-BF4B-00C04F79EFBC}") = "Rabbits", "Rabbits\Rabbits.csproj", "{D4F50431-12AB-4885-8A68-1F35639D5C55}"
EndProject
Global
	GlobalSection(SolutionConfigurationPlatforms) = preSolution
		Debug|Any CPU = Debug|Any CPU
		Release|Any CPU = Release|Any CPU
	EndGlobalSection
	GlobalSection(ProjectConfigurationPlatforms) = postSolution
		{1890BA7B-AF60-4433-8BDC-E3AFFFDE301B}.Debug|Any CPU.ActiveCfg = Debug|Any CPU
		{1890BA7B-AF60-4433-8BDC-E3AFFFDE301B}.Debug|Any CPU.Build.0 = Debug|Any CPU
		{1890BA7B-AF60-4433-8BDC-E3AFFFDE301B}.Release|Any CPU.ActiveCfg = Release|Any CPU
		{1890BA7B-AF60-4433-8BDC-E3AFFFDE301B}.Release|Any CPU.Build.0 = Release|Any CPU
		{254980EF-8C72-485D-A8F2-3D01A346A298}.Debug|Any CPU.ActiveCfg = Debug|Any CPU
		{254980EF-8C72-485D-A8F2-3D01A346A298}.Debug|Any CPU.Build.0 = Debug|Any CPU
		{254980EF-8C72-485D-A8F2-3D01A346A298}.Release|Any CPU.ActiveCfg = Release|Any CPU
		{254980EF-8C72-485D-A8F2-3D01A346A298}.Release|Any CPU.Build.0 = Release|Any CPU
		{D4F50431-12AB-4885-8A68-1F35639D5C55}.Debug|Any CPU.ActiveCfg = Debug|Any CPU
		{D4F50431-12AB-4885-8A68-1F35639D5C55}.Debug|Any CPU.Build.0 = Debug|Any CPU
		{D4F50431-12AB-4885-8A68-1F35639D5C55}.Release|Any CPU.ActiveCfg = Release|Any CPU
		{D4F50431-12AB-4885-8A68-1F35639D5C55}.Release|Any CPU.Build.0 = Release|Any CPU
	EndGlobalSection
	GlobalSection(SolutionProperties) = preSolution
		HideSolutionNode = FALSE
	EndGlobalSection
	GlobalSection(ExtensibilityGlobals) = postSolution
		SolutionGuid = {4624BA07-53CC-43A2-BAFB-71ECEEF89597}
	EndGlobalSection
EndGlobal
