
Microsoft Visual Studio Solution File, Format Version 12.00
# Visual Studio Version 16
VisualStudioVersion = 16.0.30002.166
MinimumVisualStudioVersion = 10.0.40219.1
Project("{FAE04EC0-301F-11D3-BF4B-00C04F79EFBC}") = "P01_HospitalDatabase", "P01_HospitalDatabase\P01_HospitalDatabase.csproj", "{0C5D7173-9567-42F4-92E2-459D61F9AC8B}"
EndProject
Project("{FAE04EC0-301F-11D3-BF4B-00C04F79EFBC}") = "P03_SalesDatabase", "P03_SalesDatabase\P03_SalesDatabase.csproj", "{E33E3459-F747-4CD1-8004-AB4463389E98}"
EndProject
Global
	GlobalSection(SolutionConfigurationPlatforms) = preSolution
		Debug|Any CPU = Debug|Any CPU
		Release|Any CPU = Release|Any CPU
	EndGlobalSection
	GlobalSection(ProjectConfigurationPlatforms) = postSolution
		{0C5D7173-9567-42F4-92E2-459D61F9AC8B}.Debug|Any CPU.ActiveCfg = Debug|Any CPU
		{0C5D7173-9567-42F4-92E2-459D61F9AC8B}.Debug|Any CPU.Build.0 = Debug|Any CPU
		{0C5D7173-9567-42F4-92E2-459D61F9AC8B}.Release|Any CPU.ActiveCfg = Release|Any CPU
		{0C5D7173-9567-42F4-92E2-459D61F9AC8B}.Release|Any CPU.Build.0 = Release|Any CPU
		{E33E3459-F747-4CD1-8004-AB4463389E98}.Debug|Any CPU.ActiveCfg = Debug|Any CPU
		{E33E3459-F747-4CD1-8004-AB4463389E98}.Debug|Any CPU.Build.0 = Debug|Any CPU
		{E33E3459-F747-4CD1-8004-AB4463389E98}.Release|Any CPU.ActiveCfg = Release|Any CPU
		{E33E3459-F747-4CD1-8004-AB4463389E98}.Release|Any CPU.Build.0 = Release|Any CPU
	EndGlobalSection
	GlobalSection(SolutionProperties) = preSolution
		HideSolutionNode = FALSE
	EndGlobalSection
	GlobalSection(ExtensibilityGlobals) = postSolution
		SolutionGuid = {1D1CD71C-6527-4C74-8E68-CB9AA8BECE70}
	EndGlobalSection
EndGlobal
