
Microsoft Visual Studio Solution File, Format Version 12.00
# Visual Studio 15
VisualStudioVersion = 15.0.28307.757
MinimumVisualStudioVersion = 10.0.40219.1
Project("{FAE04EC0-301F-11D3-BF4B-00C04F79EFBC}") = "TheGarden", "TheGarden\TheGarden.csproj", "{52506DF8-52B1-482D-90AA-DFC319697D02}"
EndProject
Project("{FAE04EC0-301F-11D3-BF4B-00C04F79EFBC}") = "MakeASalad", "MakeASalad\MakeASalad.csproj", "{78ED6773-1714-4879-9BEF-63E7206F1D54}"
EndProject
Global
	GlobalSection(SolutionConfigurationPlatforms) = preSolution
		Debug|Any CPU = Debug|Any CPU
		Release|Any CPU = Release|Any CPU
	EndGlobalSection
	GlobalSection(ProjectConfigurationPlatforms) = postSolution
		{52506DF8-52B1-482D-90AA-DFC319697D02}.Debug|Any CPU.ActiveCfg = Debug|Any CPU
		{52506DF8-52B1-482D-90AA-DFC319697D02}.Debug|Any CPU.Build.0 = Debug|Any CPU
		{52506DF8-52B1-482D-90AA-DFC319697D02}.Release|Any CPU.ActiveCfg = Release|Any CPU
		{52506DF8-52B1-482D-90AA-DFC319697D02}.Release|Any CPU.Build.0 = Release|Any CPU
		{78ED6773-1714-4879-9BEF-63E7206F1D54}.Debug|Any CPU.ActiveCfg = Debug|Any CPU
		{78ED6773-1714-4879-9BEF-63E7206F1D54}.Debug|Any CPU.Build.0 = Debug|Any CPU
		{78ED6773-1714-4879-9BEF-63E7206F1D54}.Release|Any CPU.ActiveCfg = Release|Any CPU
		{78ED6773-1714-4879-9BEF-63E7206F1D54}.Release|Any CPU.Build.0 = Release|Any CPU
	EndGlobalSection
	GlobalSection(SolutionProperties) = preSolution
		HideSolutionNode = FALSE
	EndGlobalSection
	GlobalSection(ExtensibilityGlobals) = postSolution
		SolutionGuid = {262A3193-88B2-4311-9F47-1E5E761FCFB0}
	EndGlobalSection
EndGlobal
