{
  "version": 4,
  "terraform_version": "1.10.0",
  "serial": 33,
  "lineage": "12fc5338-b60b-a00c-0109-e2d8ace2bd0d",
  "outputs": {
    "webapp_ips": {
      "value": "98.67.137.201,98.67.137.238,98.67.137.244,98.67.138.3,98.67.138.4,98.67.138.44,98.67.136.193,98.67.136.204,98.67.136.214,98.67.136.217,98.67.136.223,98.67.137.61,20.79.107.7",
      "type": "string"
    },
    "webapp_url": {
      "value": "task-board-wb-app-32865.azurewebsites.net",
      "type": "string"
    }
  },
  "resources": [
    {
      "mode": "managed",
      "type": "azurerm_app_service_source_control",
      "name": "aassc",
      "provider": "provider[\"registry.terraform.io/hashicorp/azurerm\"]",
      "instances": [
        {
          "schema_version": 0,
          "attributes": {
            "app_id": "/subscriptions/8c6b5631-6453-4b9c-886e-7cbd156191f0/resourceGroups/TaskBoardRG32865/providers/Microsoft.Web/sites/task-board-wb-app-32865",
            "branch": "main",
            "github_action_configuration": [],
            "id": "/subscriptions/8c6b5631-6453-4b9c-886e-7cbd156191f0/resourceGroups/TaskBoardRG32865/providers/Microsoft.Web/sites/task-board-wb-app-32865",
            "repo_url": "https://github.com/ChristinaNikolova/Azure-Web-App-with-DB",
            "rollback_enabled": false,
            "scm_type": "ExternalGit",
            "timeouts": null,
            "use_local_git": false,
            "use_manual_integration": true,
            "use_mercurial": false,
            "uses_github_action": false
          },
          "sensitive_attributes": [],
          "private": "eyJlMmJmYjczMC1lY2FhLTExZTYtOGY4OC0zNDM2M2JjN2M0YzAiOnsiY3JlYXRlIjoxODAwMDAwMDAwMDAwLCJkZWxldGUiOjE4MDAwMDAwMDAwMDAsInJlYWQiOjMwMDAwMDAwMDAwMH19",
          "dependencies": [
            "azurerm_linux_web_app.alwa",
            "azurerm_mssql_database.amssqldb",
            "azurerm_mssql_server.amssqls",
            "azurerm_resource_group.arg",
            "azurerm_service_plan.asp",
            "random_integer.ri"
          ]
        }
      ]
    },
    {
      "mode": "managed",
      "type": "azurerm_linux_web_app",
      "name": "alwa",
      "provider": "provider[\"registry.terraform.io/hashicorp/azurerm\"]",
      "instances": [
        {
          "schema_version": 1,
          "attributes": {
            "app_settings": {},
            "auth_settings": [],
            "auth_settings_v2": [],
            "backup": [],
            "client_affinity_enabled": false,
            "client_certificate_enabled": false,
            "client_certificate_exclusion_paths": "",
            "client_certificate_mode": "Required",
            "connection_string": [
              {
                "name": "DefaultConnection",
                "type": "SQLAzure",
                "value": "Data Source=tcp:task-board-server-32865.database.windows.net,1433;Initial Catalog=taskboard-db-32865;User ID=missadministrator;Password=thisIsKat11;Trusted_Connection=False; MultipleActiveResultSets=True;"
              }
            ],
            "custom_domain_verification_id": "D1832C9164ADF45A0153E5C4983567894DA253A8292A567982608FBB14E0E547",
            "default_hostname": "task-board-wb-app-32865.azurewebsites.net",
            "enabled": true,
            "ftp_publish_basic_authentication_enabled": true,
            "hosting_environment_id": "",
            "https_only": false,
            "id": "/subscriptions/8c6b5631-6453-4b9c-886e-7cbd156191f0/resourceGroups/TaskBoardRG32865/providers/Microsoft.Web/sites/task-board-wb-app-32865",
            "identity": [],
            "key_vault_reference_identity_id": "SystemAssigned",
            "kind": "app,linux",
            "location": "germanywestcentral",
            "logs": [],
            "name": "task-board-wb-app-32865",
            "outbound_ip_address_list": [
              "98.67.137.201",
              "98.67.137.238",
              "98.67.137.244",
              "98.67.138.3",
              "98.67.138.4",
              "98.67.138.44",
              "98.67.136.193",
              "98.67.136.204",
              "98.67.136.214",
              "98.67.136.217",
              "98.67.136.223",
              "98.67.137.61",
              "20.79.107.7"
            ],
            "outbound_ip_addresses": "98.67.137.201,98.67.137.238,98.67.137.244,98.67.138.3,98.67.138.4,98.67.138.44,98.67.136.193,98.67.136.204,98.67.136.214,98.67.136.217,98.67.136.223,98.67.137.61,20.79.107.7",
            "possible_outbound_ip_address_list": [
              "98.67.137.201",
              "98.67.137.238",
              "98.67.137.244",
              "98.67.138.3",
              "98.67.138.4",
              "98.67.138.44",
              "98.67.136.193",
              "98.67.136.204",
              "98.67.136.214",
              "98.67.136.217",
              "98.67.136.223",
              "98.67.137.61",
              "98.67.137.92",
              "98.67.137.103",
              "98.67.136.167",
              "98.67.137.107",
              "98.67.137.144",
              "98.67.137.152",
              "20.113.124.161",
              "98.67.136.195",
              "98.67.136.149",
              "98.67.137.190",
              "98.67.137.197",
              "98.67.136.134",
              "98.67.138.51",
              "98.67.138.54",
              "98.67.138.137",
              "98.67.138.218",
              "98.67.139.64",
              "98.67.139.90",
              "20.79.107.7"
            ],
            "possible_outbound_ip_addresses": "98.67.137.201,98.67.137.238,98.67.137.244,98.67.138.3,98.67.138.4,98.67.138.44,98.67.136.193,98.67.136.204,98.67.136.214,98.67.136.217,98.67.136.223,98.67.137.61,98.67.137.92,98.67.137.103,98.67.136.167,98.67.137.107,98.67.137.144,98.67.137.152,20.113.124.161,98.67.136.195,98.67.136.149,98.67.137.190,98.67.137.197,98.67.136.134,98.67.138.51,98.67.138.54,98.67.138.137,98.67.138.218,98.67.139.64,98.67.139.90,20.79.107.7",
            "public_network_access_enabled": true,
            "resource_group_name": "TaskBoardRG32865",
            "service_plan_id": "/subscriptions/8c6b5631-6453-4b9c-886e-7cbd156191f0/resourceGroups/TaskBoardRG32865/providers/Microsoft.Web/serverFarms/task-board-32865",
            "site_config": [
              {
                "always_on": false,
                "api_definition_url": "",
                "api_management_api_id": "",
                "app_command_line": "",
                "application_stack": [
                  {
                    "docker_image_name": "",
                    "docker_registry_password": "",
                    "docker_registry_url": "",
                    "docker_registry_username": "",
                    "dotnet_version": "6.0",
                    "go_version": "",
                    "java_server": "",
                    "java_server_version": "",
                    "java_version": "",
                    "node_version": "",
                    "php_version": "",
                    "python_version": "",
                    "ruby_version": ""
                  }
                ],
                "auto_heal_setting": [],
                "container_registry_managed_identity_client_id": "",
                "container_registry_use_managed_identity": false,
                "cors": [],
                "default_documents": [
                  "Default.htm",
                  "Default.html",
                  "Default.asp",
                  "index.htm",
                  "index.html",
                  "iisstart.htm",
                  "default.aspx",
                  "index.php",
                  "hostingstart.html"
                ],
                "detailed_error_logging_enabled": false,
                "ftps_state": "Disabled",
                "health_check_eviction_time_in_min": 0,
                "health_check_path": "",
                "http2_enabled": false,
                "ip_restriction": [],
                "ip_restriction_default_action": "Allow",
                "linux_fx_version": "DOTNETCORE|6.0",
                "load_balancing_mode": "LeastRequests",
                "local_mysql_enabled": false,
                "managed_pipeline_mode": "Integrated",
                "minimum_tls_version": "1.2",
                "remote_debugging_enabled": false,
                "remote_debugging_version": "VS2022",
                "scm_ip_restriction": [],
                "scm_ip_restriction_default_action": "Allow",
                "scm_minimum_tls_version": "1.2",
                "scm_type": "ExternalGit",
                "scm_use_main_ip_restriction": false,
                "use_32_bit_worker": true,
                "vnet_route_all_enabled": false,
                "websockets_enabled": false,
                "worker_count": 1
              }
            ],
            "site_credential": [
              {
                "name": "$task-board-wb-app-32865",
                "password": "W3o55NSr5b7coq8bu29FkTy5TrXYltbd6ar49gx2dPFuTww4Zzdw3slqBxRb"
              }
            ],
            "sticky_settings": [],
            "storage_account": [],
            "tags": {},
            "timeouts": null,
            "virtual_network_subnet_id": "",
            "webdeploy_publish_basic_authentication_enabled": true,
            "zip_deploy_file": ""
          },
          "sensitive_attributes": [
            [
              {
                "type": "get_attr",
                "value": "connection_string"
              }
            ],
            [
              {
                "type": "get_attr",
                "value": "site_credential"
              }
            ],
            [
              {
                "type": "get_attr",
                "value": "custom_domain_verification_id"
              }
            ],
            [
              {
                "type": "get_attr",
                "value": "site_config"
              },
              {
                "type": "index",
                "value": {
                  "value": 0,
                  "type": "number"
                }
              },
              {
                "type": "get_attr",
                "value": "application_stack"
              },
              {
                "type": "index",
                "value": {
                  "value": 0,
                  "type": "number"
                }
              },
              {
                "type": "get_attr",
                "value": "docker_registry_password"
              }
            ]
          ],
          "private": "eyJlMmJmYjczMC1lY2FhLTExZTYtOGY4OC0zNDM2M2JjN2M0YzAiOnsiY3JlYXRlIjoxODAwMDAwMDAwMDAwLCJkZWxldGUiOjE4MDAwMDAwMDAwMDAsInJlYWQiOjMwMDAwMDAwMDAwMCwidXBkYXRlIjoxODAwMDAwMDAwMDAwfSwic2NoZW1hX3ZlcnNpb24iOiIxIn0=",
          "dependencies": [
            "azurerm_mssql_database.amssqldb",
            "azurerm_mssql_server.amssqls",
            "azurerm_resource_group.arg",
            "azurerm_service_plan.asp",
            "random_integer.ri"
          ]
        }
      ]
    },
    {
      "mode": "managed",
      "type": "azurerm_mssql_database",
      "name": "amssqldb",
      "provider": "provider[\"registry.terraform.io/hashicorp/azurerm\"]",
      "instances": [
        {
          "schema_version": 1,
          "attributes": {
            "auto_pause_delay_in_minutes": 0,
            "collation": "SQL_Latin1_General_CP1_CI_AS",
            "create_mode": "Default",
            "creation_source_database_id": null,
            "elastic_pool_id": "",
            "enclave_type": "",
            "geo_backup_enabled": true,
            "id": "/subscriptions/8c6b5631-6453-4b9c-886e-7cbd156191f0/resourceGroups/TaskBoardRG32865/providers/Microsoft.Sql/servers/task-board-server-32865/databases/taskboard-db-32865",
            "identity": [],
            "import": [],
            "ledger_enabled": false,
            "license_type": "LicenseIncluded",
            "long_term_retention_policy": [
              {
                "immutable_backups_enabled": false,
                "monthly_retention": "PT0S",
                "week_of_year": 1,
                "weekly_retention": "PT0S",
                "yearly_retention": "PT0S"
              }
            ],
            "maintenance_configuration_name": "SQL_Default",
            "max_size_gb": 250,
            "min_capacity": 0,
            "name": "taskboard-db-32865",
            "read_replica_count": 0,
            "read_scale": false,
            "recover_database_id": null,
            "recovery_point_id": null,
            "restore_dropped_database_id": null,
            "restore_long_term_retention_backup_id": null,
            "restore_point_in_time": null,
            "sample_name": null,
            "secondary_type": "",
            "server_id": "/subscriptions/8c6b5631-6453-4b9c-886e-7cbd156191f0/resourceGroups/TaskBoardRG32865/providers/Microsoft.Sql/servers/task-board-server-32865",
            "short_term_retention_policy": [
              {
                "backup_interval_in_hours": 24,
                "retention_days": 7
              }
            ],
            "sku_name": "S0",
            "storage_account_type": "Geo",
            "tags": {},
            "threat_detection_policy": [
              {
                "disabled_alerts": [],
                "email_account_admins": "Disabled",
                "email_addresses": [],
                "retention_days": 0,
                "state": "Disabled",
                "storage_account_access_key": "",
                "storage_endpoint": ""
              }
            ],
            "timeouts": null,
            "transparent_data_encryption_enabled": true,
            "transparent_data_encryption_key_automatic_rotation_enabled": false,
            "transparent_data_encryption_key_vault_key_id": "",
            "zone_redundant": false
          },
          "sensitive_attributes": [
            [
              {
                "type": "get_attr",
                "value": "threat_detection_policy"
              },
              {
                "type": "index",
                "value": {
                  "value": 0,
                  "type": "number"
                }
              },
              {
                "type": "get_attr",
                "value": "storage_account_access_key"
              }
            ]
          ],
          "private": "eyJlMmJmYjczMC1lY2FhLTExZTYtOGY4OC0zNDM2M2JjN2M0YzAiOnsiY3JlYXRlIjozNjAwMDAwMDAwMDAwLCJkZWxldGUiOjM2MDAwMDAwMDAwMDAsInJlYWQiOjMwMDAwMDAwMDAwMCwidXBkYXRlIjozNjAwMDAwMDAwMDAwfSwic2NoZW1hX3ZlcnNpb24iOiIxIn0=",
          "dependencies": [
            "azurerm_mssql_server.amssqls",
            "azurerm_resource_group.arg",
            "random_integer.ri"
          ]
        }
      ]
    },
    {
      "mode": "managed",
      "type": "azurerm_mssql_firewall_rule",
      "name": "amssqlfr",
      "provider": "provider[\"registry.terraform.io/hashicorp/azurerm\"]",
      "instances": [
        {
          "schema_version": 0,
          "attributes": {
            "end_ip_address": "0.0.0.0",
            "id": "/subscriptions/8c6b5631-6453-4b9c-886e-7cbd156191f0/resourceGroups/TaskBoardRG32865/providers/Microsoft.Sql/servers/task-board-server-32865/firewallRules/TaskBoardFirewallRule32865",
            "name": "TaskBoardFirewallRule32865",
            "server_id": "/subscriptions/8c6b5631-6453-4b9c-886e-7cbd156191f0/resourceGroups/TaskBoardRG32865/providers/Microsoft.Sql/servers/task-board-server-32865",
            "start_ip_address": "0.0.0.0",
            "timeouts": null
          },
          "sensitive_attributes": [],
          "private": "eyJlMmJmYjczMC1lY2FhLTExZTYtOGY4OC0zNDM2M2JjN2M0YzAiOnsiY3JlYXRlIjoxODAwMDAwMDAwMDAwLCJkZWxldGUiOjE4MDAwMDAwMDAwMDAsInJlYWQiOjMwMDAwMDAwMDAwMCwidXBkYXRlIjoxODAwMDAwMDAwMDAwfX0=",
          "dependencies": [
            "azurerm_mssql_server.amssqls",
            "azurerm_resource_group.arg",
            "random_integer.ri"
          ]
        }
      ]
    },
    {
      "mode": "managed",
      "type": "azurerm_mssql_server",
      "name": "amssqls",
      "provider": "provider[\"registry.terraform.io/hashicorp/azurerm\"]",
      "instances": [
        {
          "schema_version": 0,
          "attributes": {
            "administrator_login": "missadministrator",
            "administrator_login_password": "thisIsKat11",
            "azuread_administrator": [],
            "connection_policy": "Default",
            "fully_qualified_domain_name": "task-board-server-32865.database.windows.net",
            "id": "/subscriptions/8c6b5631-6453-4b9c-886e-7cbd156191f0/resourceGroups/TaskBoardRG32865/providers/Microsoft.Sql/servers/task-board-server-32865",
            "identity": [],
            "location": "germanywestcentral",
            "minimum_tls_version": "1.2",
            "name": "task-board-server-32865",
            "outbound_network_restriction_enabled": false,
            "primary_user_assigned_identity_id": "",
            "public_network_access_enabled": true,
            "resource_group_name": "TaskBoardRG32865",
            "restorable_dropped_database_ids": [],
            "tags": {},
            "timeouts": null,
            "transparent_data_encryption_key_vault_key_id": "",
            "version": "12.0"
          },
          "sensitive_attributes": [
            [
              {
                "type": "get_attr",
                "value": "administrator_login_password"
              }
            ]
          ],
          "private": "eyJlMmJmYjczMC1lY2FhLTExZTYtOGY4OC0zNDM2M2JjN2M0YzAiOnsiY3JlYXRlIjozNjAwMDAwMDAwMDAwLCJkZWxldGUiOjM2MDAwMDAwMDAwMDAsInJlYWQiOjMwMDAwMDAwMDAwMCwidXBkYXRlIjozNjAwMDAwMDAwMDAwfX0=",
          "dependencies": [
            "azurerm_resource_group.arg",
            "random_integer.ri"
          ]
        }
      ]
    },
    {
      "mode": "managed",
      "type": "azurerm_resource_group",
      "name": "arg",
      "provider": "provider[\"registry.terraform.io/hashicorp/azurerm\"]",
      "instances": [
        {
          "schema_version": 0,
          "attributes": {
            "id": "/subscriptions/8c6b5631-6453-4b9c-886e-7cbd156191f0/resourceGroups/TaskBoardRG32865",
            "location": "germanywestcentral",
            "managed_by": "",
            "name": "TaskBoardRG32865",
            "tags": {},
            "timeouts": null
          },
          "sensitive_attributes": [],
          "private": "eyJlMmJmYjczMC1lY2FhLTExZTYtOGY4OC0zNDM2M2JjN2M0YzAiOnsiY3JlYXRlIjo1NDAwMDAwMDAwMDAwLCJkZWxldGUiOjU0MDAwMDAwMDAwMDAsInJlYWQiOjMwMDAwMDAwMDAwMCwidXBkYXRlIjo1NDAwMDAwMDAwMDAwfX0=",
          "dependencies": [
            "random_integer.ri"
          ]
        }
      ]
    },
    {
      "mode": "managed",
      "type": "azurerm_service_plan",
      "name": "asp",
      "provider": "provider[\"registry.terraform.io/hashicorp/azurerm\"]",
      "instances": [
        {
          "schema_version": 1,
          "attributes": {
            "app_service_environment_id": "",
            "id": "/subscriptions/8c6b5631-6453-4b9c-886e-7cbd156191f0/resourceGroups/TaskBoardRG32865/providers/Microsoft.Web/serverFarms/task-board-32865",
            "kind": "linux",
            "location": "germanywestcentral",
            "maximum_elastic_worker_count": 1,
            "name": "task-board-32865",
            "os_type": "Linux",
            "per_site_scaling_enabled": false,
            "reserved": true,
            "resource_group_name": "TaskBoardRG32865",
            "sku_name": "F1",
            "tags": {},
            "timeouts": null,
            "worker_count": 1,
            "zone_balancing_enabled": false
          },
          "sensitive_attributes": [],
          "private": "eyJlMmJmYjczMC1lY2FhLTExZTYtOGY4OC0zNDM2M2JjN2M0YzAiOnsiY3JlYXRlIjozNjAwMDAwMDAwMDAwLCJkZWxldGUiOjM2MDAwMDAwMDAwMDAsInJlYWQiOjMwMDAwMDAwMDAwMCwidXBkYXRlIjozNjAwMDAwMDAwMDAwfSwic2NoZW1hX3ZlcnNpb24iOiIxIn0=",
          "dependencies": [
            "azurerm_resource_group.arg",
            "random_integer.ri"
          ]
        }
      ]
    },
    {
      "mode": "managed",
      "type": "random_integer",
      "name": "ri",
      "provider": "provider[\"registry.terraform.io/hashicorp/random\"]",
      "instances": [
        {
          "schema_version": 0,
          "attributes": {
            "id": "32865",
            "keepers": null,
            "max": 99999,
            "min": 10000,
            "result": 32865,
            "seed": null
          },
          "sensitive_attributes": []
        }
      ]
    }
  ],
  "check_results": null
}
